
Microsoft Visual Studio Solution File, Format Version 12.00
# Visual Studio Version 17
VisualStudioVersion = 17.3.32825.248
MinimumVisualStudioVersion = 10.0.40219.1
Project("{9A19103F-16F7-4668-BE54-9A1E7A4F7556}") = "TApp.TestConsoleProject", "TApp.TestConsoleProject\TApp.TestConsoleProject.csproj", "{666AB752-F25F-4D29-921C-1740D83AA6AC}"
EndProject
Project("{9A19103F-16F7-4668-BE54-9A1E7A4F7556}") = "Bootstrapper.Boundary", "Bootstrapper.Boundary\Bootstrapper.Boundary.csproj", "{8A56DE73-F4C9-49CC-B208-3104144E4FAF}"
EndProject
Project("{9A19103F-16F7-4668-BE54-9A1E7A4F7556}") = "Bootstrapper.Core", "Bootstrapper.Core\Bootstrapper.Core.csproj", "{25A3D380-BE04-4B1B-84B1-D563BDE9D8C5}"
EndProject
Project("{2150E333-8FDC-42A3-9474-1A3956D46DE8}") = "Bootstrapper", "Bootstrapper", "{846C8CEA-95E3-4E7D-AF88-519F89DE6D02}"
EndProject
Global
	GlobalSection(SolutionConfigurationPlatforms) = preSolution
		Debug|Any CPU = Debug|Any CPU
		Release|Any CPU = Release|Any CPU
	EndGlobalSection
	GlobalSection(ProjectConfigurationPlatforms) = postSolution
		{666AB752-F25F-4D29-921C-1740D83AA6AC}.Debug|Any CPU.ActiveCfg = Debug|Any CPU
		{666AB752-F25F-4D29-921C-1740D83AA6AC}.Debug|Any CPU.Build.0 = Debug|Any CPU
		{666AB752-F25F-4D29-921C-1740D83AA6AC}.Release|Any CPU.ActiveCfg = Release|Any CPU
		{666AB752-F25F-4D29-921C-1740D83AA6AC}.Release|Any CPU.Build.0 = Release|Any CPU
		{8A56DE73-F4C9-49CC-B208-3104144E4FAF}.Debug|Any CPU.ActiveCfg = Debug|Any CPU
		{8A56DE73-F4C9-49CC-B208-3104144E4FAF}.Debug|Any CPU.Build.0 = Debug|Any CPU
		{8A56DE73-F4C9-49CC-B208-3104144E4FAF}.Release|Any CPU.ActiveCfg = Release|Any CPU
		{8A56DE73-F4C9-49CC-B208-3104144E4FAF}.Release|Any CPU.Build.0 = Release|Any CPU
		{25A3D380-BE04-4B1B-84B1-D563BDE9D8C5}.Debug|Any CPU.ActiveCfg = Debug|Any CPU
		{25A3D380-BE04-4B1B-84B1-D563BDE9D8C5}.Debug|Any CPU.Build.0 = Debug|Any CPU
		{25A3D380-BE04-4B1B-84B1-D563BDE9D8C5}.Release|Any CPU.ActiveCfg = Release|Any CPU
		{25A3D380-BE04-4B1B-84B1-D563BDE9D8C5}.Release|Any CPU.Build.0 = Release|Any CPU
	EndGlobalSection
	GlobalSection(SolutionProperties) = preSolution
		HideSolutionNode = FALSE
	EndGlobalSection
	GlobalSection(NestedProjects) = preSolution
		{8A56DE73-F4C9-49CC-B208-3104144E4FAF} = {846C8CEA-95E3-4E7D-AF88-519F89DE6D02}
		{25A3D380-BE04-4B1B-84B1-D563BDE9D8C5} = {846C8CEA-95E3-4E7D-AF88-519F89DE6D02}
	EndGlobalSection
	GlobalSection(ExtensibilityGlobals) = postSolution
		SolutionGuid = {27DDF5ED-700B-40EF-B0C0-6C3FB4AE3A8A}
	EndGlobalSection
EndGlobal
