
Microsoft Visual Studio Solution File, Format Version 12.00
# Visual Studio Version 17
VisualStudioVersion = 17.3.32825.248
MinimumVisualStudioVersion = 10.0.40219.1
Project("{9A19103F-16F7-4668-BE54-9A1E7A4F7556}") = "Bootstrapper.Boundary", "Bootstrapper.Boundary\Bootstrapper.Boundary.csproj", "{C9B7C0CA-DE91-4BA0-BD5D-F55E18D8B2C2}"
EndProject
Project("{9A19103F-16F7-4668-BE54-9A1E7A4F7556}") = "Bootstrapper.Core", "Bootstrapper.Core\Bootstrapper.Core.csproj", "{DD56BE0A-875D-499B-B368-9CC7DB16CF1B}"
EndProject
Global
	GlobalSection(SolutionConfigurationPlatforms) = preSolution
		Debug|Any CPU = Debug|Any CPU
		Release|Any CPU = Release|Any CPU
	EndGlobalSection
	GlobalSection(ProjectConfigurationPlatforms) = postSolution
		{C9B7C0CA-DE91-4BA0-BD5D-F55E18D8B2C2}.Debug|Any CPU.ActiveCfg = Debug|Any CPU
		{C9B7C0CA-DE91-4BA0-BD5D-F55E18D8B2C2}.Debug|Any CPU.Build.0 = Debug|Any CPU
		{C9B7C0CA-DE91-4BA0-BD5D-F55E18D8B2C2}.Release|Any CPU.ActiveCfg = Release|Any CPU
		{C9B7C0CA-DE91-4BA0-BD5D-F55E18D8B2C2}.Release|Any CPU.Build.0 = Release|Any CPU
		{DD56BE0A-875D-499B-B368-9CC7DB16CF1B}.Debug|Any CPU.ActiveCfg = Debug|Any CPU
		{DD56BE0A-875D-499B-B368-9CC7DB16CF1B}.Debug|Any CPU.Build.0 = Debug|Any CPU
		{DD56BE0A-875D-499B-B368-9CC7DB16CF1B}.Release|Any CPU.ActiveCfg = Release|Any CPU
		{DD56BE0A-875D-499B-B368-9CC7DB16CF1B}.Release|Any CPU.Build.0 = Release|Any CPU
	EndGlobalSection
	GlobalSection(SolutionProperties) = preSolution
		HideSolutionNode = FALSE
	EndGlobalSection
	GlobalSection(ExtensibilityGlobals) = postSolution
		SolutionGuid = {27DDF5ED-700B-40EF-B0C0-6C3FB4AE3A8A}
	EndGlobalSection
EndGlobal
